lockfileVersion: '9.0'

settings:
  autoInstallPeers: true
  excludeLinksFromLockfile: false

importers:

  .:
    dependencies:
      '@types/chrome':
        specifier: ^0.0.256
        version: 0.0.256
    devDependencies:
      '@commander-js/extra-typings':
        specifier: ^12.1.0
        version: 12.1.0(commander@12.1.0)
      commander:
        specifier: ^12.1.0
        version: 12.1.0
      dedent:
        specifier: ^1.5.3
        version: 1.5.3

packages:

  '@commander-js/extra-typings@12.1.0':
    resolution: {integrity: sha512-wf/lwQvWAA0goIghcb91dQYpkLBcyhOhQNqG/VgWhnKzgt+UOMvra7EX/2fv70arm5RW+PUHoQHHDa6/p77Eqg==}
    peerDependencies:
      commander: ~12.1.0

  '@types/chrome@0.0.256':
    resolution: {integrity: sha512-NleTQw4DNzhPwObLNuQ3i3nvX1rZ1mgnx5FNHc2KP+Cj1fgd3BrT5yQ6Xvs+7H0kNsYxCY+lxhiCwsqq3JwtEg==}

  '@types/filesystem@0.0.35':
    resolution: {integrity: sha512-1eKvCaIBdrD2mmMgy5dwh564rVvfEhZTWVQQGRNn0Nt4ZEnJ0C8oSUCzvMKRA4lGde5oEVo+q2MrTTbV/GHDCQ==}

  '@types/filewriter@0.0.32':
    resolution: {integrity: sha512-Kpi2GXQyYJdjL8mFclL1eDgihn1SIzorMZjD94kdPZh9E4VxGOeyjPxi5LpsM4Zku7P0reqegZTt2GxhmA9VBg==}

  '@types/har-format@1.2.15':
    resolution: {integrity: sha512-RpQH4rXLuvTXKR0zqHq3go0RVXYv/YVqv4TnPH95VbwUxZdQlK1EtcMvQvMpDngHbt13Csh9Z4qT9AbkiQH5BA==}

  commander@12.1.0:
    resolution: {integrity: sha512-Vw8qHK3bZM9y/P10u3Vib8o/DdkvA2OtPtZvD871QKjy74Wj1WSKFILMPRPSdUSx5RFK1arlJzEtA4PkFgnbuA==}
    engines: {node: '>=18'}

  dedent@1.5.3:
    resolution: {integrity: sha512-NHQtfOOW68WD8lgypbLA5oT+Bt0xXJhiYvoR6SmmNXZfpzOGXwdKWmcwG8N7PwVVWV3eF/68nmD9BaJSsTBhyQ==}
    peerDependencies:
      babel-plugin-macros: ^3.1.0
    peerDependenciesMeta:
      babel-plugin-macros:
        optional: true

snapshots:

  '@commander-js/extra-typings@12.1.0(commander@12.1.0)':
    dependencies:
      commander: 12.1.0

  '@types/chrome@0.0.256':
    dependencies:
      '@types/filesystem': 0.0.35
      '@types/har-format': 1.2.15

  '@types/filesystem@0.0.35':
    dependencies:
      '@types/filewriter': 0.0.32

  '@types/filewriter@0.0.32': {}

  '@types/har-format@1.2.15': {}

  commander@12.1.0: {}

  dedent@1.5.3: {}
